// !$*UTF8*$!
{
	archiveVersion = 1;
	classes = {
	};
	objectVersion = 50;
	objects = {

/* Begin PBXBuildFile section */
		ACEBD6992178DFC50051E5E6 /* AppDelegate.m in Sources */ = {isa = PBXBuildFile; fileRef = ACEBD6982178DFC50051E5E6 /* AppDelegate.m */; };
		ACEBD69B2178DFC60051E5E6 /* Assets.xcassets in Resources */ = {isa = PBXBuildFile; fileRef = ACEBD69A2178DFC60051E5E6 /* Assets.xcassets */; };
		ACEBD69E2178DFC60051E5E6 /* MainMenu.xib in Resources */ = {isa = PBXBuildFile; fileRef = ACEBD69C2178DFC60051E5E6 /* MainMenu.xib */; };
		ACEBD6A12178DFC60051E5E6 /* main.m in Sources */ = {isa = PBXBuildFile; fileRef = ACEBD6A02178DFC60051E5E6 /* main.m */; };
		ACEBD6AF2178DFDB0051E5E6 /* Cocoa.framework in Frameworks */ = {isa = PBXBuildFile; fileRef = ACEBD6AE2178DFDB0051E5E6 /* Cocoa.framework */; };
		ACEBD6B32178DFDB0051E5E6 /* SafariExtensionHandler.m in Sources */ = {isa = PBXBuildFile; fileRef = ACEBD6B22178DFDB0051E5E6 /* SafariExtensionHandler.m */; };
		ACEBD6B62178DFDB0051E5E6 /* SafariExtensionViewController.m in Sources */ = {isa = PBXBuildFile; fileRef = ACEBD6B52178DFDB0051E5E6 /* SafariExtensionViewController.m */; };
		ACEBD6B92178DFDB0051E5E6 /* SafariExtensionViewController.xib in Resources */ = {isa = PBXBuildFile; fileRef = ACEBD6B72178DFDB0051E5E6 /* SafariExtensionViewController.xib */; };
		ACEBD6BC2178DFDB0051E5E6 /* script.js in Resources */ = {isa = PBXBuildFile; fileRef = ACEBD6BB2178DFDB0051E5E6 /* script.js */; };
		ACEBD6BE2178DFDB0051E5E6 /* ToolbarItemIcon.pdf in Resources */ = {isa = PBXBuildFile; fileRef = ACEBD6BD2178DFDB0051E5E6 /* ToolbarItemIcon.pdf */; };
		ACEBD6C22178DFDB0051E5E6 /* Backspace.appex in Embed App Extensions */ = {isa = PBXBuildFile; fileRef = ACEBD6AC2178DFDB0051E5E6 /* Backspace.appex */; settings = {ATTRIBUTES = (RemoveHeadersOnCopy, ); }; };
/* End PBXBuildFile section */

/* Begin PBXContainerItemProxy section */
		ACEBD6C02178DFDB0051E5E6 /* PBXContainerItemProxy */ = {
			isa = PBXContainerItemProxy;
			containerPortal = ACEBD68C2178DFC50051E5E6 /* Project object */;
			proxyType = 1;
			remoteGlobalIDString = ACEBD6AB2178DFDB0051E5E6;
			remoteInfo = Extension;
		};
/* End PBXContainerItemProxy section */

/* Begin PBXCopyFilesBuildPhase section */
		ACEBD6C62178DFDB0051E5E6 /* Embed App Extensions */ = {
			isa = PBXCopyFilesBuildPhase;
			buildActionMask = 2147483647;
			dstPath = "";
			dstSubfolderSpec = 13;
			files = (
				ACEBD6C22178DFDB0051E5E6 /* Backspace.appex in Embed App Extensions */,
			);
			name = "Embed App Extensions";
			runOnlyForDeploymentPostprocessing = 0;
		};
/* End PBXCopyFilesBuildPhase section */

/* Begin PBXFileReference section */
		AC4C579B21A09EBC00B2F5A0 /* README.md */ = {isa = PBXFileReference; lastKnownFileType = net.daringfireball.markdown; path = README.md; sourceTree = "<group>"; };
		ACEBD6942178DFC50051E5E6 /* Safari Backspace.app */ = {isa = PBXFileReference; explicitFileType = wrapper.application; includeInIndex = 0; path = "Safari Backspace.app"; sourceTree = BUILT_PRODUCTS_DIR; };
		ACEBD6972178DFC50051E5E6 /* AppDelegate.h */ = {isa = PBXFileReference; lastKnownFileType = sourcecode.c.h; path = AppDelegate.h; sourceTree = "<group>"; };
		ACEBD6982178DFC50051E5E6 /* AppDelegate.m */ = {isa = PBXFileReference; lastKnownFileType = sourcecode.c.objc; path = AppDelegate.m; sourceTree = "<group>"; };
		ACEBD69A2178DFC60051E5E6 /* Assets.xcassets */ = {isa = PBXFileReference; lastKnownFileType = folder.assetcatalog; path = Assets.xcassets; sourceTree = "<group>"; };
		ACEBD69D2178DFC60051E5E6 /* Base */ = {isa = PBXFileReference; lastKnownFileType = file.xib; name = Base; path = Base.lproj/MainMenu.xib; sourceTree = "<group>"; };
		ACEBD69F2178DFC60051E5E6 /* Info.plist */ = {isa = PBXFileReference; lastKnownFileType = text.plist.xml; path = Info.plist; sourceTree = "<group>"; };
		ACEBD6A02178DFC60051E5E6 /* main.m */ = {isa = PBXFileReference; lastKnownFileType = sourcecode.c.objc; path = main.m; sourceTree = "<group>"; };
		ACEBD6A22178DFC60051E5E6 /* Safari_Backspace.entitlements */ = {isa = PBXFileReference; lastKnownFileType = text.plist.entitlements; path = Safari_Backspace.entitlements; sourceTree = "<group>"; };
		ACEBD6AC2178DFDB0051E5E6 /* Backspace.appex */ = {isa = PBXFileReference; explicitFileType = "wrapper.app-extension"; includeInIndex = 0; path = Backspace.appex; sourceTree = BUILT_PRODUCTS_DIR; };
		ACEBD6AE2178DFDB0051E5E6 /* Cocoa.framework */ = {isa = PBXFileReference; lastKnownFileType = wrapper.framework; name = Cocoa.framework; path = System/Library/Frameworks/Cocoa.framework; sourceTree = SDKROOT; };
		ACEBD6B12178DFDB0051E5E6 /* SafariExtensionHandler.h */ = {isa = PBXFileReference; lastKnownFileType = sourcecode.c.h; path = SafariExtensionHandler.h; sourceTree = "<group>"; };
		ACEBD6B22178DFDB0051E5E6 /* SafariExtensionHandler.m */ = {isa = PBXFileReference; lastKnownFileType = sourcecode.c.objc; path = SafariExtensionHandler.m; sourceTree = "<group>"; };
		ACEBD6B42178DFDB0051E5E6 /* SafariExtensionViewController.h */ = {isa = PBXFileReference; lastKnownFileType = sourcecode.c.h; path = SafariExtensionViewController.h; sourceTree = "<group>"; };
		ACEBD6B52178DFDB0051E5E6 /* SafariExtensionViewController.m */ = {isa = PBXFileReference; lastKnownFileType = sourcecode.c.objc; path = SafariExtensionViewController.m; sourceTree = "<group>"; };
		ACEBD6B82178DFDB0051E5E6 /* Base */ = {isa = PBXFileReference; lastKnownFileType = file.xib; name = Base; path = Base.lproj/SafariExtensionViewController.xib; sourceTree = "<group>"; };
		ACEBD6BA2178DFDB0051E5E6 /* Info.plist */ = {isa = PBXFileReference; lastKnownFileType = text.plist.xml; path = Info.plist; sourceTree = "<group>"; };
		ACEBD6BB2178DFDB0051E5E6 /* script.js */ = {isa = PBXFileReference; lastKnownFileType = sourcecode.javascript; path = script.js; sourceTree = "<group>"; };
		ACEBD6BD2178DFDB0051E5E6 /* ToolbarItemIcon.pdf */ = {isa = PBXFileReference; lastKnownFileType = image.pdf; path = ToolbarItemIcon.pdf; sourceTree = "<group>"; };
		ACEBD6BF2178DFDB0051E5E6 /* Extension.entitlements */ = {isa = PBXFileReference; lastKnownFileType = text.plist.entitlements; path = Extension.entitlements; sourceTree = "<group>"; };
/* End PBXFileReference section */

/* Begin PBXFrameworksBuildPhase section */
		ACEBD6912178DFC50051E5E6 /* Frameworks */ = {
			isa = PBXFrameworksBuildPhase;
			buildActionMask = 2147483647;
			files = (
			);
			runOnlyForDeploymentPostprocessing = 0;
		};
		ACEBD6A92178DFDB0051E5E6 /* Frameworks */ = {
			isa = PBXFrameworksBuildPhase;
			buildActionMask = 2147483647;
			files = (
				ACEBD6AF2178DFDB0051E5E6 /* Cocoa.framework in Frameworks */,
			);
			runOnlyForDeploymentPostprocessing = 0;
		};
/* End PBXFrameworksBuildPhase section */

/* Begin PBXGroup section */
		ACEBD68B2178DFC50051E5E6 = {
			isa = PBXGroup;
			children = (
				AC4C579B21A09EBC00B2F5A0 /* README.md */,
				ACEBD6962178DFC50051E5E6 /* Safari Backspace */,
				ACEBD6B02178DFDB0051E5E6 /* Extension */,
				ACEBD6AD2178DFDB0051E5E6 /* Frameworks */,
				ACEBD6952178DFC50051E5E6 /* Products */,
			);
			sourceTree = "<group>";
		};
		ACEBD6952178DFC50051E5E6 /* Products */ = {
			isa = PBXGroup;
			children = (
				ACEBD6942178DFC50051E5E6 /* Safari Backspace.app */,
				ACEBD6AC2178DFDB0051E5E6 /* Backspace.appex */,
			);
			name = Products;
			sourceTree = "<group>";
		};
		ACEBD6962178DFC50051E5E6 /* Safari Backspace */ = {
			isa = PBXGroup;
			children = (
				ACEBD6972178DFC50051E5E6 /* AppDelegate.h */,
				ACEBD6982178DFC50051E5E6 /* AppDelegate.m */,
				ACEBD69A2178DFC60051E5E6 /* Assets.xcassets */,
				ACEBD69C2178DFC60051E5E6 /* MainMenu.xib */,
				ACEBD69F2178DFC60051E5E6 /* Info.plist */,
				ACEBD6A02178DFC60051E5E6 /* main.m */,
				ACEBD6A22178DFC60051E5E6 /* Safari_Backspace.entitlements */,
			);
			path = "Safari Backspace";
			sourceTree = "<group>";
		};
		ACEBD6AD2178DFDB0051E5E6 /* Frameworks */ = {
			isa = PBXGroup;
			children = (
				ACEBD6AE2178DFDB0051E5E6 /* Cocoa.framework */,
			);
			name = Frameworks;
			sourceTree = "<group>";
		};
		ACEBD6B02178DFDB0051E5E6 /* Extension */ = {
			isa = PBXGroup;
			children = (
				ACEBD6B12178DFDB0051E5E6 /* SafariExtensionHandler.h */,
				ACEBD6B22178DFDB0051E5E6 /* SafariExtensionHandler.m */,
				ACEBD6B42178DFDB0051E5E6 /* SafariExtensionViewController.h */,
				ACEBD6B52178DFDB0051E5E6 /* SafariExtensionViewController.m */,
				ACEBD6B72178DFDB0051E5E6 /* SafariExtensionViewController.xib */,
				ACEBD6BA2178DFDB0051E5E6 /* Info.plist */,
				ACEBD6BB2178DFDB0051E5E6 /* script.js */,
				ACEBD6BD2178DFDB0051E5E6 /* ToolbarItemIcon.pdf */,
				ACEBD6BF2178DFDB0051E5E6 /* Extension.entitlements */,
			);
			path = Extension;
			sourceTree = "<group>";
		};
/* End PBXGroup section */

/* Begin PBXNativeTarget section */
		ACEBD6932178DFC50051E5E6 /* Safari Backspace */ = {
			isa = PBXNativeTarget;
			buildConfigurationList = ACEBD6A52178DFC60051E5E6 /* Build configuration list for PBXNativeTarget "Safari Backspace" */;
			buildPhases = (
				ACEBD6902178DFC50051E5E6 /* Sources */,
				ACEBD6912178DFC50051E5E6 /* Frameworks */,
				ACEBD6922178DFC50051E5E6 /* Resources */,
				ACEBD6C62178DFDB0051E5E6 /* Embed App Extensions */,
			);
			buildRules = (
			);
			dependencies = (
				ACEBD6C12178DFDB0051E5E6 /* PBXTargetDependency */,
			);
			name = "Safari Backspace";
			productName = "Safari Backspace";
			productReference = ACEBD6942178DFC50051E5E6 /* Safari Backspace.app */;
			productType = "com.apple.product-type.application";
		};
		ACEBD6AB2178DFDB0051E5E6 /* Backspace */ = {
			isa = PBXNativeTarget;
			buildConfigurationList = ACEBD6C32178DFDB0051E5E6 /* Build configuration list for PBXNativeTarget "Backspace" */;
			buildPhases = (
				ACEBD6A82178DFDB0051E5E6 /* Sources */,
				ACEBD6A92178DFDB0051E5E6 /* Frameworks */,
				ACEBD6AA2178DFDB0051E5E6 /* Resources */,
			);
			buildRules = (
			);
			dependencies = (
			);
			name = Backspace;
			productName = Extension;
			productReference = ACEBD6AC2178DFDB0051E5E6 /* Backspace.appex */;
			productType = "com.apple.product-type.app-extension";
		};
/* End PBXNativeTarget section */

/* Begin PBXProject section */
		ACEBD68C2178DFC50051E5E6 /* Project object */ = {
			isa = PBXProject;
			attributes = {
				LastUpgradeCheck = 1000;
				ORGANIZATIONNAME = "Yannick Weiss";
				TargetAttributes = {
					ACEBD6932178DFC50051E5E6 = {
						CreatedOnToolsVersion = 10.0;
					};
					ACEBD6AB2178DFDB0051E5E6 = {
						CreatedOnToolsVersion = 10.0;
					};
				};
			};
			buildConfigurationList = ACEBD68F2178DFC50051E5E6 /* Build configuration list for PBXProject "Safari Backspace" */;
			compatibilityVersion = "Xcode 9.3";
			developmentRegion = en;
			hasScannedForEncodings = 0;
			knownRegions = (
				en,
				Base,
			);
			mainGroup = ACEBD68B2178DFC50051E5E6;
			productRefGroup = ACEBD6952178DFC50051E5E6 /* Products */;
			projectDirPath = "";
			projectRoot = "";
			targets = (
				ACEBD6932178DFC50051E5E6 /* Safari Backspace */,
				ACEBD6AB2178DFDB0051E5E6 /* Backspace */,
			);
		};
/* End PBXProject section */

/* Begin PBXResourcesBuildPhase section */
		ACEBD6922178DFC50051E5E6 /* Resources */ = {
			isa = PBXResourcesBuildPhase;
			buildActionMask = 2147483647;
			files = (
				ACEBD69B2178DFC60051E5E6 /* Assets.xcassets in Resources */,
				ACEBD69E2178DFC60051E5E6 /* MainMenu.xib in Resources */,
			);
			runOnlyForDeploymentPostprocessing = 0;
		};
		ACEBD6AA2178DFDB0051E5E6 /* Resources */ = {
			isa = PBXResourcesBuildPhase;
			buildActionMask = 2147483647;
			files = (
				ACEBD6BE2178DFDB0051E5E6 /* ToolbarItemIcon.pdf in Resources */,
				ACEBD6B92178DFDB0051E5E6 /* SafariExtensionViewController.xib in Resources */,
				ACEBD6BC2178DFDB0051E5E6 /* script.js in Resources */,
			);
			runOnlyForDeploymentPostprocessing = 0;
		};
/* End PBXResourcesBuildPhase section */

/* Begin PBXSourcesBuildPhase section */
		ACEBD6902178DFC50051E5E6 /* Sources */ = {
			isa = PBXSourcesBuildPhase;
			buildActionMask = 2147483647;
			files = (
				ACEBD6A12178DFC60051E5E6 /* main.m in Sources */,
				ACEBD6992178DFC50051E5E6 /* AppDelegate.m in Sources */,
			);
			runOnlyForDeploymentPostprocessing = 0;
		};
		ACEBD6A82178DFDB0051E5E6 /* Sources */ = {
			isa = PBXSourcesBuildPhase;
			buildActionMask = 2147483647;
			files = (
				ACEBD6B62178DFDB0051E5E6 /* SafariExtensionViewController.m in Sources */,
				ACEBD6B32178DFDB0051E5E6 /* SafariExtensionHandler.m in Sources */,
			);
			runOnlyForDeploymentPostprocessing = 0;
		};
/* End PBXSourcesBuildPhase section */

/* Begin PBXTargetDependency section */
		ACEBD6C12178DFDB0051E5E6 /* PBXTargetDependency */ = {
			isa = PBXTargetDependency;
			target = ACEBD6AB2178DFDB0051E5E6 /* Backspace */;
			targetProxy = ACEBD6C02178DFDB0051E5E6 /* PBXContainerItemProxy */;
		};
/* End PBXTargetDependency section */

/* Begin PBXVariantGroup section */
		ACEBD69C2178DFC60051E5E6 /* MainMenu.xib */ = {
			isa = PBXVariantGroup;
			children = (
				ACEBD69D2178DFC60051E5E6 /* Base */,
			);
			name = MainMenu.xib;
			sourceTree = "<group>";
		};
		ACEBD6B72178DFDB0051E5E6 /* SafariExtensionViewController.xib */ = {
			isa = PBXVariantGroup;
			children = (
				ACEBD6B82178DFDB0051E5E6 /* Base */,
			);
			name = SafariExtensionViewController.xib;
			sourceTree = "<group>";
		};
/* End PBXVariantGroup section */

/* Begin XCBuildConfiguration section */
		ACEBD6A32178DFC60051E5E6 /* Debug */ = {
			isa = XCBuildConfiguration;
			buildSettings = {
				ALWAYS_SEARCH_USER_PATHS = NO;
				CLANG_ANALYZER_NONNULL = YES;
				CLANG_ANALYZER_NUMBER_OBJECT_CONVERSION = YES_AGGRESSIVE;
				CLANG_CXX_LANGUAGE_STANDARD = "gnu++14";
				CLANG_CXX_LIBRARY = "libc++";
				CLANG_ENABLE_MODULES = YES;
				CLANG_ENABLE_OBJC_ARC = YES;
				CLANG_ENABLE_OBJC_WEAK = YES;
				CLANG_WARN_BLOCK_CAPTURE_AUTORELEASING = YES;
				CLANG_WARN_BOOL_CONVERSION = YES;
				CLANG_WARN_COMMA = YES;
				CLANG_WARN_CONSTANT_CONVERSION = YES;
				CLANG_WARN_DEPRECATED_OBJC_IMPLEMENTATIONS = YES;
				CLANG_WARN_DIRECT_OBJC_ISA_USAGE = YES_ERROR;
				CLANG_WARN_DOCUMENTATION_COMMENTS = YES;
				CLANG_WARN_EMPTY_BODY = YES;
				CLANG_WARN_ENUM_CONVERSION = YES;
				CLANG_WARN_INFINITE_RECURSION = YES;
				CLANG_WARN_INT_CONVERSION = YES;
				CLANG_WARN_NON_LITERAL_NULL_CONVERSION = YES;
				CLANG_WARN_OBJC_IMPLICIT_RETAIN_SELF = YES;
				CLANG_WARN_OBJC_LITERAL_CONVERSION = YES;
				CLANG_WARN_OBJC_ROOT_CLASS = YES_ERROR;
				CLANG_WARN_RANGE_LOOP_ANALYSIS = YES;
				CLANG_WARN_STRICT_PROTOTYPES = YES;
				CLANG_WARN_SUSPICIOUS_MOVE = YES;
				CLANG_WARN_UNGUARDED_AVAILABILITY = YES_AGGRESSIVE;
				CLANG_WARN_UNREACHABLE_CODE = YES;
				CLANG_WARN__DUPLICATE_METHOD_MATCH = YES;
				CODE_SIGN_IDENTITY = "Mac Developer";
				COPY_PHASE_STRIP = NO;
				DEBUG_INFORMATION_FORMAT = dwarf;
				ENABLE_STRICT_OBJC_MSGSEND = YES;
				ENABLE_TESTABILITY = YES;
				GCC_C_LANGUAGE_STANDARD = gnu11;
				GCC_DYNAMIC_NO_PIC = NO;
				GCC_NO_COMMON_BLOCKS = YES;
				GCC_OPTIMIZATION_LEVEL = 0;
				GCC_PREPROCESSOR_DEFINITIONS = (
					"DEBUG=1",
					"$(inherited)",
				);
				GCC_WARN_64_TO_32_BIT_CONVERSION = YES;
				GCC_WARN_ABOUT_RETURN_TYPE = YES_ERROR;
				GCC_WARN_UNDECLARED_SELECTOR = YES;
				GCC_WARN_UNINITIALIZED_AUTOS = YES_AGGRESSIVE;
				GCC_WARN_UNUSED_FUNCTION = YES;
				GCC_WARN_UNUSED_VARIABLE = YES;
				MACOSX_DEPLOYMENT_TARGET = 10.13;
				MTL_ENABLE_DEBUG_INFO = INCLUDE_SOURCE;
				MTL_FAST_MATH = YES;
				ONLY_ACTIVE_ARCH = YES;
				SDKROOT = macosx;
			};
			name = Debug;
		};
		ACEBD6A42178DFC60051E5E6 /* Release */ = {
			isa = XCBuildConfiguration;
			buildSettings = {
				ALWAYS_SEARCH_USER_PATHS = NO;
				CLANG_ANALYZER_NONNULL = YES;
				CLANG_ANALYZER_NUMBER_OBJECT_CONVERSION = YES_AGGRESSIVE;
				CLANG_CXX_LANGUAGE_STANDARD = "gnu++14";
				CLANG_CXX_LIBRARY = "libc++";
				CLANG_ENABLE_MODULES = YES;
				CLANG_ENABLE_OBJC_ARC = YES;
				CLANG_ENABLE_OBJC_WEAK = YES;
				CLANG_WARN_BLOCK_CAPTURE_AUTORELEASING = YES;
				CLANG_WARN_BOOL_CONVERSION = YES;
				CLANG_WARN_COMMA = YES;
				CLANG_WARN_CONSTANT_CONVERSION = YES;
				CLANG_WARN_DEPRECATED_OBJC_IMPLEMENTATIONS = YES;
				CLANG_WARN_DIRECT_OBJC_ISA_USAGE = YES_ERROR;
				CLANG_WARN_DOCUMENTATION_COMMENTS = YES;
				CLANG_WARN_EMPTY_BODY = YES;
				CLANG_WARN_ENUM_CONVERSION = YES;
				CLANG_WARN_INFINITE_RECURSION = YES;
				CLANG_WARN_INT_CONVERSION = YES;
				CLANG_WARN_NON_LITERAL_NULL_CONVERSION = YES;
				CLANG_WARN_OBJC_IMPLICIT_RETAIN_SELF = YES;
				CLANG_WARN_OBJC_LITERAL_CONVERSION = YES;
				CLANG_WARN_OBJC_ROOT_CLASS = YES_ERROR;
				CLANG_WARN_RANGE_LOOP_ANALYSIS = YES;
				CLANG_WARN_STRICT_PROTOTYPES = YES;
				CLANG_WARN_SUSPICIOUS_MOVE = YES;
				CLANG_WARN_UNGUARDED_AVAILABILITY = YES_AGGRESSIVE;
				CLANG_WARN_UNREACHABLE_CODE = YES;
				CLANG_WARN__DUPLICATE_METHOD_MATCH = YES;
				CODE_SIGN_IDENTITY = "Mac Developer";
				COPY_PHASE_STRIP = NO;
				DEBUG_INFORMATION_FORMAT = "dwarf-with-dsym";
				ENABLE_NS_ASSERTIONS = NO;
				ENABLE_STRICT_OBJC_MSGSEND = YES;
				GCC_C_LANGUAGE_STANDARD = gnu11;
				GCC_NO_COMMON_BLOCKS = YES;
				GCC_WARN_64_TO_32_BIT_CONVERSION = YES;
				GCC_WARN_ABOUT_RETURN_TYPE = YES_ERROR;
				GCC_WARN_UNDECLARED_SELECTOR = YES;
				GCC_WARN_UNINITIALIZED_AUTOS = YES_AGGRESSIVE;
				GCC_WARN_UNUSED_FUNCTION = YES;
				GCC_WARN_UNUSED_VARIABLE = YES;
				MACOSX_DEPLOYMENT_TARGET = 10.13;
				MTL_ENABLE_DEBUG_INFO = NO;
				MTL_FAST_MATH = YES;
				SDKROOT = macosx;
			};
			name = Release;
		};
		ACEBD6A62178DFC60051E5E6 /* Debug */ = {
			isa = XCBuildConfiguration;
			buildSettings = {
				ASSETCATALOG_COMPILER_APPICON_NAME = AppIcon;
				CODE_SIGN_ENTITLEMENTS = "Safari Backspace/Safari_Backspace.entitlements";
				CODE_SIGN_STYLE = Automatic;
				COMBINE_HIDPI_IMAGES = YES;
				DEVELOPMENT_TEAM = NDJHDNKXD6;
				INFOPLIST_FILE = "Safari Backspace/Info.plist";
				LD_RUNPATH_SEARCH_PATHS = (
					"$(inherited)",
					"@executable_path/../Frameworks",
				);
				PRODUCT_BUNDLE_IDENTIFIER = "com.yannickweiss.Safari-Backspace";
				PRODUCT_NAME = "$(TARGET_NAME)";
			};
			name = Debug;
		};
		ACEBD6A72178DFC60051E5E6 /* Release */ = {
			isa = XCBuildConfiguration;
			buildSettings = {
				ASSETCATALOG_COMPILER_APPICON_NAME = AppIcon;
				CODE_SIGN_ENTITLEMENTS = "Safari Backspace/Safari_Backspace.entitlements";
				CODE_SIGN_STYLE = Automatic;
				COMBINE_HIDPI_IMAGES = YES;
				DEVELOPMENT_TEAM = NDJHDNKXD6;
				INFOPLIST_FILE = "Safari Backspace/Info.plist";
				LD_RUNPATH_SEARCH_PATHS = (
					"$(inherited)",
					"@executable_path/../Frameworks",
				);
				PRODUCT_BUNDLE_IDENTIFIER = "com.yannickweiss.Safari-Backspace";
				PRODUCT_NAME = "$(TARGET_NAME)";
			};
			name = Release;
		};
		ACEBD6C42178DFDB0051E5E6 /* Debug */ = {
			isa = XCBuildConfiguration;
			buildSettings = {
				CODE_SIGN_ENTITLEMENTS = Extension/Extension.entitlements;
				CODE_SIGN_STYLE = Automatic;
				DEVELOPMENT_TEAM = NDJHDNKXD6;
				INFOPLIST_FILE = Extension/Info.plist;
				LD_RUNPATH_SEARCH_PATHS = (
					"$(inherited)",
					"@executable_path/../Frameworks",
					"@executable_path/../../../../Frameworks",
				);
				PRODUCT_BUNDLE_IDENTIFIER = "com.yannickweiss.Safari-Backspace.Extension";
				PRODUCT_NAME = "$(TARGET_NAME)";
				SKIP_INSTALL = YES;
			};
			name = Debug;
		};
		ACEBD6C52178DFDB0051E5E6 /* Release */ = {
			isa = XCBuildConfiguration;
			buildSettings = {
				CODE_SIGN_ENTITLEMENTS = Extension/Extension.entitlements;
				CODE_SIGN_STYLE = Automatic;
				DEVELOPMENT_TEAM = NDJHDNKXD6;
				INFOPLIST_FILE = Extension/Info.plist;
				LD_RUNPATH_SEARCH_PATHS = (
					"$(inherited)",
					"@executable_path/../Frameworks",
					"@executable_path/../../../../Frameworks",
				);
				PRODUCT_BUNDLE_IDENTIFIER = "com.yannickweiss.Safari-Backspace.Extension";
				PRODUCT_NAME = "$(TARGET_NAME)";
				SKIP_INSTALL = YES;
			};
			name = Release;
		};
/* End XCBuildConfiguration section */

/* Begin XCConfigurationList section */
		ACEBD68F2178DFC50051E5E6 /* Build configuration list for PBXProject "Safari Backspace" */ = {
			isa = XCConfigurationList;
			buildConfigurations = (
				ACEBD6A32178DFC60051E5E6 /* Debug */,
				ACEBD6A42178DFC60051E5E6 /* Release */,
			);
			defaultConfigurationIsVisible = 0;
			defaultConfigurationName = Release;
		};
		ACEBD6A52178DFC60051E5E6 /* Build configuration list for PBXNativeTarget "Safari Backspace" */ = {
			isa = XCConfigurationList;
			buildConfigurations = (
				ACEBD6A62178DFC60051E5E6 /* Debug */,
				ACEBD6A72178DFC60051E5E6 /* Release */,
			);
			defaultConfigurationIsVisible = 0;
			defaultConfigurationName = Release;
		};
		ACEBD6C32178DFDB0051E5E6 /* Build configuration list for PBXNativeTarget "Backspace" */ = {
			isa = XCConfigurationList;
			buildConfigurations = (
				ACEBD6C42178DFDB0051E5E6 /* Debug */,
				ACEBD6C52178DFDB0051E5E6 /* Release */,
			);
			defaultConfigurationIsVisible = 0;
			defaultConfigurationName = Release;
		};
/* End XCConfigurationList section */
	};
	rootObject = ACEBD68C2178DFC50051E5E6 /* Project object */;
}
